PODS:
  - Firebase (2.5.1)
  - SDWebImage (3.7.5):
    - SDWebImage/Core (= 3.7.5)
  - SDWebImage/Core (3.7.5)
  - SwiftSpinner (0.9.5)

DEPENDENCIES:
  - Firebase (>= 2.5.1)
  - SDWebImage (~> 3.7)
  - SwiftSpinner

SPEC CHECKSUMS:
  Firebase: 3565ea88b830f28f2c77ecc524622bc71a20d085
  SDWebImage: 69c6303e3348fba97e03f65d65d4fbc26740f461
  SwiftSpinner: c6585a0ae5c67eb33e737695cce88f0262008cce

COCOAPODS: 0.39.0
