// !$*UTF8*$!
{
	archiveVersion = 1;
	classes = {
	};
	objectVersion = 46;
	objects = {

/* Begin PBXBuildFile section */
		C84290A01CD3984800A87EF5 /* AppDelegate.swift in Sources */ = {isa = PBXBuildFile; fileRef = C842909F1CD3984800A87EF5 /* AppDelegate.swift */; };
		C84290A21CD3984800A87EF5 /* ViewController.swift in Sources */ = {isa = PBXBuildFile; fileRef = C84290A11CD3984800A87EF5 /* ViewController.swift */; };
		C84290A51CD3984800A87EF5 /* Main.storyboard in Resources */ = {isa = PBXBuildFile; fileRef = C84290A31CD3984800A87EF5 /* Main.storyboard */; };
		C84290A71CD3984800A87EF5 /* Assets.xcassets in Resources */ = {isa = PBXBuildFile; fileRef = C84290A61CD3984800A87EF5 /* Assets.xcassets */; };
		C84290AA1CD3984800A87EF5 /* LaunchScreen.storyboard in Resources */ = {isa = PBXBuildFile; fileRef = C84290A81CD3984800A87EF5 /* LaunchScreen.storyboard */; };
/* End PBXBuildFile section */

/* Begin PBXFileReference section */
		C842909C1CD3984700A87EF5 /* Wilson.app */ = {isa = PBXFileReference; explicitFileType = wrapper.application; includeInIndex = 0; path = Wilson.app; sourceTree = BUILT_PRODUCTS_DIR; };
		C842909F1CD3984800A87EF5 /* AppDelegate.swift */ = {isa = PBXFileReference; lastKnownFileType = sourcecode.swift; path = AppDelegate.swift; sourceTree = "<group>"; };
		C84290A11CD3984800A87EF5 /* ViewController.swift */ = {isa = PBXFileReference; lastKnownFileType = sourcecode.swift; path = ViewController.swift; sourceTree = "<group>"; };
		C84290A41CD3984800A87EF5 /* Base */ = {isa = PBXFileReference; lastKnownFileType = file.storyboard; name = Base; path = Base.lproj/Main.storyboard; sourceTree = "<group>"; };
		C84290A61CD3984800A87EF5 /* Assets.xcassets */ = {isa = PBXFileReference; lastKnownFileType = folder.assetcatalog; path = Assets.xcassets; sourceTree = "<group>"; };
		C84290A91CD3984800A87EF5 /* Base */ = {isa = PBXFileReference; lastKnownFileType = file.storyboard; name = Base; path = Base.lproj/LaunchScreen.storyboard; sourceTree = "<group>"; };
		C84290AB1CD3984800A87EF5 /* Info.plist */ = {isa = PBXFileReference; lastKnownFileType = text.plist.xml; path = Info.plist; sourceTree = "<group>"; };
/* End PBXFileReference section */

/* Begin PBXFrameworksBuildPhase section */
		C84290991CD3984700A87EF5 /* Frameworks */ = {
			isa = PBXFrameworksBuildPhase;
			buildActionMask = 2147483647;
			files = (
			);
			runOnlyForDeploymentPostprocessing = 0;
		};
/* End PBXFrameworksBuildPhase section */

/* Begin PBXGroup section */
		C84290931CD3984700A87EF5 = {
			isa = PBXGroup;
			children = (
				C842909E1CD3984800A87EF5 /* Wilson */,
				C842909D1CD3984700A87EF5 /* Products */,
			);
			sourceTree = "<group>";
		};
		C842909D1CD3984700A87EF5 /* Products */ = {
			isa = PBXGroup;
			children = (
				C842909C1CD3984700A87EF5 /* Wilson.app */,
			);
			name = Products;
			sourceTree = "<group>";
		};
		C842909E1CD3984800A87EF5 /* Wilson */ = {
			isa = PBXGroup;
			children = (
				C842909F1CD3984800A87EF5 /* AppDelegate.swift */,
				C84290A11CD3984800A87EF5 /* ViewController.swift */,
				C84290A31CD3984800A87EF5 /* Main.storyboard */,
				C84290A61CD3984800A87EF5 /* Assets.xcassets */,
				C84290A81CD3984800A87EF5 /* LaunchScreen.storyboard */,
				C84290AB1CD3984800A87EF5 /* Info.plist */,
			);
			path = Wilson;
			sourceTree = "<group>";
		};
/* End PBXGroup section */

/* Begin PBXNativeTarget section */
		C842909B1CD3984700A87EF5 /* Wilson */ = {
			isa = PBXNativeTarget;
			buildConfigurationList = C84290AE1CD3984800A87EF5 /* Build configuration list for PBXNativeTarget "Wilson" */;
			buildPhases = (
				C84290981CD3984700A87EF5 /* Sources */,
				C84290991CD3984700A87EF5 /* Frameworks */,
				C842909A1CD3984700A87EF5 /* Resources */,
			);
			buildRules = (
			);
			dependencies = (
			);
			name = Wilson;
			productName = Wilson;
			productReference = C842909C1CD3984700A87EF5 /* Wilson.app */;
			productType = "com.apple.product-type.application";
		};
/* End PBXNativeTarget section */

/* Begin PBXProject section */
		C84290941CD3984700A87EF5 /* Project object */ = {
			isa = PBXProject;
			attributes = {
				LastSwiftUpdateCheck = 0730;
				LastUpgradeCheck = 0730;
				ORGANIZATIONNAME = "Wilson Muñoz";
				TargetAttributes = {
					C842909B1CD3984700A87EF5 = {
						CreatedOnToolsVersion = 7.3;
					};
				};
			};
			buildConfigurationList = C84290971CD3984700A87EF5 /* Build configuration list for PBXProject "Wilson" */;
			compatibilityVersion = "Xcode 3.2";
			developmentRegion = English;
			hasScannedForEncodings = 0;
			knownRegions = (
				en,
				Base,
			);
			mainGroup = C84290931CD3984700A87EF5;
			productRefGroup = C842909D1CD3984700A87EF5 /* Products */;
			projectDirPath = "";
			projectRoot = "";
			targets = (
				C842909B1CD3984700A87EF5 /* Wilson */,
			);
		};
/* End PBXProject section */

/* Begin PBXResourcesBuildPhase section */
		C842909A1CD3984700A87EF5 /* Resources */ = {
			isa = PBXResourcesBuildPhase;
			buildActionMask = 2147483647;
			files = (
				C84290AA1CD3984800A87EF5 /* LaunchScreen.storyboard in Resources */,
				C84290A71CD3984800A87EF5 /* Assets.xcassets in Resources */,
				C84290A51CD3984800A87EF5 /* Main.storyboard in Resources */,
			);
			runOnlyForDeploymentPostprocessing = 0;
		};
/* End PBXResourcesBuildPhase section */

/* Begin PBXSourcesBuildPhase section */
		C84290981CD3984700A87EF5 /* Sources */ = {
			isa = PBXSourcesBuildPhase;
			buildActionMask = 2147483647;
			files = (
				C84290A21CD3984800A87EF5 /* ViewController.swift in Sources */,
				C84290A01CD3984800A87EF5 /* AppDelegate.swift in Sources */,
			);
			runOnlyForDeploymentPostprocessing = 0;
		};
/* End PBXSourcesBuildPhase section */

/* Begin PBXVariantGroup section */
		C84290A31CD3984800A87EF5 /* Main.storyboard */ = {
			isa = PBXVariantGroup;
			children = (
				C84290A41CD3984800A87EF5 /* Base */,
			);
			name = Main.storyboard;
			sourceTree = "<group>";
		};
		C84290A81CD3984800A87EF5 /* LaunchScreen.storyboard */ = {
			isa = PBXVariantGroup;
			children = (
				C84290A91CD3984800A87EF5 /* Base */,
			);
			name = LaunchScreen.storyboard;
			sourceTree = "<group>";
		};
/* End PBXVariantGroup section */

/* Begin XCBuildConfiguration section */
		C84290AC1CD3984800A87EF5 /* Debug */ = {
			isa = XCBuildConfiguration;
			buildSettings = {
				ALWAYS_SEARCH_USER_PATHS = NO;
				CLANG_ANALYZER_NONNULL = YES;
				CLANG_CXX_LANGUAGE_STANDARD = "gnu++0x";
				CLANG_CXX_LIBRARY = "libc++";
				CLANG_ENABLE_MODULES = YES;
				CLANG_ENABLE_OBJC_ARC = YES;
				CLANG_WARN_BOOL_CONVERSION = YES;
				CLANG_WARN_CONSTANT_CONVERSION = YES;
				CLANG_WARN_DIRECT_OBJC_ISA_USAGE = YES_ERROR;
				CLANG_WARN_EMPTY_BODY = YES;
				CLANG_WARN_ENUM_CONVERSION = YES;
				CLANG_WARN_INT_CONVERSION = YES;
				CLANG_WARN_OBJC_ROOT_CLASS = YES_ERROR;
				CLANG_WARN_UNREACHABLE_CODE = YES;
				CLANG_WARN__DUPLICATE_METHOD_MATCH = YES;
				"CODE_SIGN_IDENTITY[sdk=iphoneos*]" = "iPhone Developer";
				COPY_PHASE_STRIP = NO;
				DEBUG_INFORMATION_FORMAT = dwarf;
				ENABLE_STRICT_OBJC_MSGSEND = YES;
				ENABLE_TESTABILITY = YES;
				GCC_C_LANGUAGE_STANDARD = gnu99;
				GCC_DYNAMIC_NO_PIC = NO;
				GCC_NO_COMMON_BLOCKS = YES;
				GCC_OPTIMIZATION_LEVEL = 0;
				GCC_PREPROCESSOR_DEFINITIONS = (
					"DEBUG=1",
					"$(inherited)",
				);
				GCC_WARN_64_TO_32_BIT_CONVERSION = YES;
				GCC_WARN_ABOUT_RETURN_TYPE = YES_ERROR;
				GCC_WARN_UNDECLARED_SELECTOR = YES;
				GCC_WARN_UNINITIALIZED_AUTOS = YES_AGGRESSIVE;
				GCC_WARN_UNUSED_FUNCTION = YES;
				GCC_WARN_UNUSED_VARIABLE = YES;
				IPHONEOS_DEPLOYMENT_TARGET = 9.3;
				MTL_ENABLE_DEBUG_INFO = YES;
				ONLY_ACTIVE_ARCH = YES;
				SDKROOT = iphoneos;
				SWIFT_OPTIMIZATION_LEVEL = "-Onone";
			};
			name = Debug;
		};
		C84290AD1CD3984800A87EF5 /* Release */ = {
			isa = XCBuildConfiguration;
			buildSettings = {
				ALWAYS_SEARCH_USER_PATHS = NO;
				CLANG_ANALYZER_NONNULL = YES;
				CLANG_CXX_LANGUAGE_STANDARD = "gnu++0x";
				CLANG_CXX_LIBRARY = "libc++";
				CLANG_ENABLE_MODULES = YES;
				CLANG_ENABLE_OBJC_ARC = YES;
				CLANG_WARN_BOOL_CONVERSION = YES;
				CLANG_WARN_CONSTANT_CONVERSION = YES;
				CLANG_WARN_DIRECT_OBJC_ISA_USAGE = YES_ERROR;
				CLANG_WARN_EMPTY_BODY = YES;
				CLANG_WARN_ENUM_CONVERSION = YES;
				CLANG_WARN_INT_CONVERSION = YES;
				CLANG_WARN_OBJC_ROOT_CLASS = YES_ERROR;
				CLANG_WARN_UNREACHABLE_CODE = YES;
				CLANG_WARN__DUPLICATE_METHOD_MATCH = YES;
				"CODE_SIGN_IDENTITY[sdk=iphoneos*]" = "iPhone Developer";
				COPY_PHASE_STRIP = NO;
				DEBUG_INFORMATION_FORMAT = "dwarf-with-dsym";
				ENABLE_NS_ASSERTIONS = NO;
				ENABLE_STRICT_OBJC_MSGSEND = YES;
				GCC_C_LANGUAGE_STANDARD = gnu99;
				GCC_NO_COMMON_BLOCKS = YES;
				GCC_WARN_64_TO_32_BIT_CONVERSION = YES;
				GCC_WARN_ABOUT_RETURN_TYPE = YES_ERROR;
				GCC_WARN_UNDECLARED_SELECTOR = YES;
				GCC_WARN_UNINITIALIZED_AUTOS = YES_AGGRESSIVE;
				GCC_WARN_UNUSED_FUNCTION = YES;
				GCC_WARN_UNUSED_VARIABLE = YES;
				IPHONEOS_DEPLOYMENT_TARGET = 9.3;
				MTL_ENABLE_DEBUG_INFO = NO;
				SDKROOT = iphoneos;
				VALIDATE_PRODUCT = YES;
			};
			name = Release;
		};
		C84290AF1CD3984800A87EF5 /* Debug */ = {
			isa = XCBuildConfiguration;
			buildSettings = {
				ASSETCATALOG_COMPILER_APPICON_NAME = AppIcon;
				INFOPLIST_FILE = Wilson/Info.plist;
				LD_RUNPATH_SEARCH_PATHS = "$(inherited) @executable_path/Frameworks";
				PRODUCT_BUNDLE_IDENTIFIER = net.wilsonmunoz.Wilson;
				PRODUCT_NAME = "$(TARGET_NAME)";
			};
			name = Debug;
		};
		C84290B01CD3984800A87EF5 /* Release */ = {
			isa = XCBuildConfiguration;
			buildSettings = {
				ASSETCATALOG_COMPILER_APPICON_NAME = AppIcon;
				INFOPLIST_FILE = Wilson/Info.plist;
				LD_RUNPATH_SEARCH_PATHS = "$(inherited) @executable_path/Frameworks";
				PRODUCT_BUNDLE_IDENTIFIER = net.wilsonmunoz.Wilson;
				PRODUCT_NAME = "$(TARGET_NAME)";
			};
			name = Release;
		};
/* End XCBuildConfiguration section */

/* Begin XCConfigurationList section */
		C84290971CD3984700A87EF5 /* Build configuration list for PBXProject "Wilson" */ = {
			isa = XCConfigurationList;
			buildConfigurations = (
				C84290AC1CD3984800A87EF5 /* Debug */,
				C84290AD1CD3984800A87EF5 /* Release */,
			);
			defaultConfigurationIsVisible = 0;
			defaultConfigurationName = Release;
		};
		C84290AE1CD3984800A87EF5 /* Build configuration list for PBXNativeTarget "Wilson" */ = {
			isa = XCConfigurationList;
			buildConfigurations = (
				C84290AF1CD3984800A87EF5 /* Debug */,
				C84290B01CD3984800A87EF5 /* Release */,
			);
			defaultConfigurationIsVisible = 0;
		};
/* End XCConfigurationList section */
	};
	rootObject = C84290941CD3984700A87EF5 /* Project object */;
}
