// !$*UTF8*$!
{
	archiveVersion = 1;
	classes = {
	};
	objectVersion = 46;
	objects = {

/* Begin PBXBuildFile section */
		742B36F543955D542B9A7F59 /* Pods_Wilson.framework in Frameworks */ = {isa = PBXBuildFile; fileRef = 6ACE68D79E79ADF8F3EB7D6D /* Pods_Wilson.framework */; };
		C84290A01CD3984800A87EF5 /* AppDelegate.swift in Sources */ = {isa = PBXBuildFile; fileRef = C842909F1CD3984800A87EF5 /* AppDelegate.swift */; };
		C84290A51CD3984800A87EF5 /* Main.storyboard in Resources */ = {isa = PBXBuildFile; fileRef = C84290A31CD3984800A87EF5 /* Main.storyboard */; };
		C84290AA1CD3984800A87EF5 /* LaunchScreen.storyboard in Resources */ = {isa = PBXBuildFile; fileRef = C84290A81CD3984800A87EF5 /* LaunchScreen.storyboard */; };
		C873F1771CDCE4B00024EA72 /* StreamCollectionViewController.swift in Sources */ = {isa = PBXBuildFile; fileRef = C873F1761CDCE4B00024EA72 /* StreamCollectionViewController.swift */; };
		C873F17A1CDCE6870024EA72 /* Constants.swift in Sources */ = {isa = PBXBuildFile; fileRef = C873F1781CDCE6870024EA72 /* Constants.swift */; };
		C873F17B1CDCE6870024EA72 /* DataService.swift in Sources */ = {isa = PBXBuildFile; fileRef = C873F1791CDCE6870024EA72 /* DataService.swift */; };
		C873F17D1CDCE9B60024EA72 /* StreamCollectionViewCell.swift in Sources */ = {isa = PBXBuildFile; fileRef = C873F17C1CDCE9B60024EA72 /* StreamCollectionViewCell.swift */; };
		C8A865751CD7FB2600CFCEC1 /* LoginViewController.swift in Sources */ = {isa = PBXBuildFile; fileRef = C8A865741CD7FB2600CFCEC1 /* LoginViewController.swift */; };
		C8A865771CD7FDCC00CFCEC1 /* Assets.xcassets in Resources */ = {isa = PBXBuildFile; fileRef = C8A865761CD7FDCC00CFCEC1 /* Assets.xcassets */; };
		C8A865821CD7FE1400CFCEC1 /* SF-UI-Display-Black.ttf in Resources */ = {isa = PBXBuildFile; fileRef = C8A865781CD7FDE800CFCEC1 /* SF-UI-Display-Black.ttf */; };
		C8A865831CD7FE1400CFCEC1 /* SF-UI-Display-Bold.ttf in Resources */ = {isa = PBXBuildFile; fileRef = C8A865791CD7FDE800CFCEC1 /* SF-UI-Display-Bold.ttf */; };
		C8A865841CD7FE1400CFCEC1 /* SF-UI-Display-Heavy.ttf in Resources */ = {isa = PBXBuildFile; fileRef = C8A8657A1CD7FDE800CFCEC1 /* SF-UI-Display-Heavy.ttf */; };
		C8A865851CD7FE1400CFCEC1 /* SF-UI-Display-Light.ttf in Resources */ = {isa = PBXBuildFile; fileRef = C8A8657B1CD7FDE800CFCEC1 /* SF-UI-Display-Light.ttf */; };
		C8A865861CD7FE1400CFCEC1 /* SF-UI-Display-Medium.ttf in Resources */ = {isa = PBXBuildFile; fileRef = C8A8657C1CD7FDE800CFCEC1 /* SF-UI-Display-Medium.ttf */; };
		C8A865871CD7FE1400CFCEC1 /* SF-UI-Display-Regular.ttf in Resources */ = {isa = PBXBuildFile; fileRef = C8A8657D1CD7FDE800CFCEC1 /* SF-UI-Display-Regular.ttf */; };
		C8A865881CD7FE1400CFCEC1 /* SF-UI-Display-Semibold.ttf in Resources */ = {isa = PBXBuildFile; fileRef = C8A8657E1CD7FDE800CFCEC1 /* SF-UI-Display-Semibold.ttf */; };
		C8A865891CD7FE1400CFCEC1 /* SF-UI-Display-Thin.ttf in Resources */ = {isa = PBXBuildFile; fileRef = C8A8657F1CD7FDE800CFCEC1 /* SF-UI-Display-Thin.ttf */; };
		C8A8658A1CD7FE1400CFCEC1 /* SF-UI-Display-Ultralight.ttf in Resources */ = {isa = PBXBuildFile; fileRef = C8A865801CD7FDE800CFCEC1 /* SF-UI-Display-Ultralight.ttf */; };
		C8A8658C1CD8080300CFCEC1 /* SignUpViewController.swift in Sources */ = {isa = PBXBuildFile; fileRef = C8A8658B1CD8080300CFCEC1 /* SignUpViewController.swift */; };
		C8C5CE901CDC13D4003A6755 /* DetalleTableViewController.swift in Sources */ = {isa = PBXBuildFile; fileRef = C8C5CE8F1CDC13D4003A6755 /* DetalleTableViewController.swift */; };
		C8C5CE921CDC3235003A6755 /* ButtonsPhotosViewController.swift in Sources */ = {isa = PBXBuildFile; fileRef = C8C5CE911CDC3235003A6755 /* ButtonsPhotosViewController.swift */; };
		C8C5CE941CDC3242003A6755 /* TakePhotoViewController.swift in Sources */ = {isa = PBXBuildFile; fileRef = C8C5CE931CDC3241003A6755 /* TakePhotoViewController.swift */; };
		C8E1DD441CD831BB00C4910C /* Event.swift in Sources */ = {isa = PBXBuildFile; fileRef = C8E1DD431CD831BB00C4910C /* Event.swift */; };
		C8E1DD481CD8328000C4910C /* EventsTableViewController.swift in Sources */ = {isa = PBXBuildFile; fileRef = C8E1DD471CD8328000C4910C /* EventsTableViewController.swift */; };
		C8E1DD4A1CD835CE00C4910C /* EventTableViewCell.swift in Sources */ = {isa = PBXBuildFile; fileRef = C8E1DD491CD835CE00C4910C /* EventTableViewCell.swift */; };
/* End PBXBuildFile section */

/* Begin PBXFileReference section */
		4403AC1EC76928013F8F5965 /* Pods-Wilson.debug.xcconfig */ = {isa = PBXFileReference; includeInIndex = 1; lastKnownFileType = text.xcconfig; name = "Pods-Wilson.debug.xcconfig"; path = "Pods/Target Support Files/Pods-Wilson/Pods-Wilson.debug.xcconfig"; sourceTree = "<group>"; };
		6ACE68D79E79ADF8F3EB7D6D /* Pods_Wilson.framework */ = {isa = PBXFileReference; explicitFileType = wrapper.framework; includeInIndex = 0; path = Pods_Wilson.framework; sourceTree = BUILT_PRODUCTS_DIR; };
		6B4F731E9DBB68A45A939C06 /* Pods-Wilson.release.xcconfig */ = {isa = PBXFileReference; includeInIndex = 1; lastKnownFileType = text.xcconfig; name = "Pods-Wilson.release.xcconfig"; path = "Pods/Target Support Files/Pods-Wilson/Pods-Wilson.release.xcconfig"; sourceTree = "<group>"; };
		C842909C1CD3984700A87EF5 /* Wilson.app */ = {isa = PBXFileReference; explicitFileType = wrapper.application; includeInIndex = 0; path = Wilson.app; sourceTree = BUILT_PRODUCTS_DIR; };
		C842909F1CD3984800A87EF5 /* AppDelegate.swift */ = {isa = PBXFileReference; lastKnownFileType = sourcecode.swift; path = AppDelegate.swift; sourceTree = "<group>"; };
		C84290A41CD3984800A87EF5 /* Base */ = {isa = PBXFileReference; lastKnownFileType = file.storyboard; name = Base; path = Base.lproj/Main.storyboard; sourceTree = "<group>"; };
		C84290A91CD3984800A87EF5 /* Base */ = {isa = PBXFileReference; lastKnownFileType = file.storyboard; name = Base; path = Base.lproj/LaunchScreen.storyboard; sourceTree = "<group>"; };
		C84290AB1CD3984800A87EF5 /* Info.plist */ = {isa = PBXFileReference; lastKnownFileType = text.plist.xml; path = Info.plist; sourceTree = "<group>"; };
		C873F1761CDCE4B00024EA72 /* StreamCollectionViewController.swift */ = {isa = PBXFileReference; fileEncoding = 4; lastKnownFileType = sourcecode.swift; path = StreamCollectionViewController.swift; sourceTree = "<group>"; };
		C873F1781CDCE6870024EA72 /* Constants.swift */ = {isa = PBXFileReference; fileEncoding = 4; lastKnownFileType = sourcecode.swift; path = Constants.swift; sourceTree = "<group>"; };
		C873F1791CDCE6870024EA72 /* DataService.swift */ = {isa = PBXFileReference; fileEncoding = 4; lastKnownFileType = sourcecode.swift; path = DataService.swift; sourceTree = "<group>"; };
		C873F17C1CDCE9B60024EA72 /* StreamCollectionViewCell.swift */ = {isa = PBXFileReference; fileEncoding = 4; lastKnownFileType = sourcecode.swift; path = StreamCollectionViewCell.swift; sourceTree = "<group>"; };
		C8A865741CD7FB2600CFCEC1 /* LoginViewController.swift */ = {isa = PBXFileReference; fileEncoding = 4; lastKnownFileType = sourcecode.swift; path = LoginViewController.swift; sourceTree = "<group>"; };
		C8A865761CD7FDCC00CFCEC1 /* Assets.xcassets */ = {isa = PBXFileReference; lastKnownFileType = folder.assetcatalog; path = Assets.xcassets; sourceTree = "<group>"; };
		C8A865781CD7FDE800CFCEC1 /* SF-UI-Display-Black.ttf */ = {isa = PBXFileReference; lastKnownFileType = file; path = "SF-UI-Display-Black.ttf"; sourceTree = "<group>"; };
		C8A865791CD7FDE800CFCEC1 /* SF-UI-Display-Bold.ttf */ = {isa = PBXFileReference; lastKnownFileType = file; path = "SF-UI-Display-Bold.ttf"; sourceTree = "<group>"; };
		C8A8657A1CD7FDE800CFCEC1 /* SF-UI-Display-Heavy.ttf */ = {isa = PBXFileReference; lastKnownFileType = file; path = "SF-UI-Display-Heavy.ttf"; sourceTree = "<group>"; };
		C8A8657B1CD7FDE800CFCEC1 /* SF-UI-Display-Light.ttf */ = {isa = PBXFileReference; lastKnownFileType = file; path = "SF-UI-Display-Light.ttf"; sourceTree = "<group>"; };
		C8A8657C1CD7FDE800CFCEC1 /* SF-UI-Display-Medium.ttf */ = {isa = PBXFileReference; lastKnownFileType = file; path = "SF-UI-Display-Medium.ttf"; sourceTree = "<group>"; };
		C8A8657D1CD7FDE800CFCEC1 /* SF-UI-Display-Regular.ttf */ = {isa = PBXFileReference; lastKnownFileType = file; path = "SF-UI-Display-Regular.ttf"; sourceTree = "<group>"; };
		C8A8657E1CD7FDE800CFCEC1 /* SF-UI-Display-Semibold.ttf */ = {isa = PBXFileReference; lastKnownFileType = file; path = "SF-UI-Display-Semibold.ttf"; sourceTree = "<group>"; };
		C8A8657F1CD7FDE800CFCEC1 /* SF-UI-Display-Thin.ttf */ = {isa = PBXFileReference; lastKnownFileType = file; path = "SF-UI-Display-Thin.ttf"; sourceTree = "<group>"; };
		C8A865801CD7FDE800CFCEC1 /* SF-UI-Display-Ultralight.ttf */ = {isa = PBXFileReference; lastKnownFileType = file; path = "SF-UI-Display-Ultralight.ttf"; sourceTree = "<group>"; };
		C8A8658B1CD8080300CFCEC1 /* SignUpViewController.swift */ = {isa = PBXFileReference; fileEncoding = 4; lastKnownFileType = sourcecode.swift; path = SignUpViewController.swift; sourceTree = "<group>"; };
		C8C5CE8F1CDC13D4003A6755 /* DetalleTableViewController.swift */ = {isa = PBXFileReference; fileEncoding = 4; lastKnownFileType = sourcecode.swift; path = DetalleTableViewController.swift; sourceTree = "<group>"; };
		C8C5CE911CDC3235003A6755 /* ButtonsPhotosViewController.swift */ = {isa = PBXFileReference; fileEncoding = 4; lastKnownFileType = sourcecode.swift; path = ButtonsPhotosViewController.swift; sourceTree = "<group>"; };
		C8C5CE931CDC3241003A6755 /* TakePhotoViewController.swift */ = {isa = PBXFileReference; fileEncoding = 4; lastKnownFileType = sourcecode.swift; path = TakePhotoViewController.swift; sourceTree = "<group>"; };
		C8E1DD431CD831BB00C4910C /* Event.swift */ = {isa = PBXFileReference; fileEncoding = 4; lastKnownFileType = sourcecode.swift; path = Event.swift; sourceTree = "<group>"; };
		C8E1DD471CD8328000C4910C /* EventsTableViewController.swift */ = {isa = PBXFileReference; fileEncoding = 4; lastKnownFileType = sourcecode.swift; path = EventsTableViewController.swift; sourceTree = "<group>"; };
		C8E1DD491CD835CE00C4910C /* EventTableViewCell.swift */ = {isa = PBXFileReference; fileEncoding = 4; lastKnownFileType = sourcecode.swift; path = EventTableViewCell.swift; sourceTree = "<group>"; };
/* End PBXFileReference section */

/* Begin PBXFrameworksBuildPhase section */
		C84290991CD3984700A87EF5 /* Frameworks */ = {
			isa = PBXFrameworksBuildPhase;
			buildActionMask = 2147483647;
			files = (
				742B36F543955D542B9A7F59 /* Pods_Wilson.framework in Frameworks */,
			);
			runOnlyForDeploymentPostprocessing = 0;
		};
/* End PBXFrameworksBuildPhase section */

/* Begin PBXGroup section */
		18A78250D5A745667B216378 /* Pods */ = {
			isa = PBXGroup;
			children = (
				4403AC1EC76928013F8F5965 /* Pods-Wilson.debug.xcconfig */,
				6B4F731E9DBB68A45A939C06 /* Pods-Wilson.release.xcconfig */,
			);
			name = Pods;
			sourceTree = "<group>";
		};
		8184434B1D2C29B000221350 /* HelperFiles */ = {
			isa = PBXGroup;
			children = (
				C873F1781CDCE6870024EA72 /* Constants.swift */,
				C842909F1CD3984800A87EF5 /* AppDelegate.swift */,
				C84290AB1CD3984800A87EF5 /* Info.plist */,
			);
			name = HelperFiles;
			sourceTree = "<group>";
		};
		8184434C1D2C29CB00221350 /* ViewControllers */ = {
			isa = PBXGroup;
			children = (
				C8A865741CD7FB2600CFCEC1 /* LoginViewController.swift */,
				C8A8658B1CD8080300CFCEC1 /* SignUpViewController.swift */,
				C8E1DD471CD8328000C4910C /* EventsTableViewController.swift */,
				C8C5CE8F1CDC13D4003A6755 /* DetalleTableViewController.swift */,
				C8C5CE911CDC3235003A6755 /* ButtonsPhotosViewController.swift */,
				C8C5CE931CDC3241003A6755 /* TakePhotoViewController.swift */,
				C873F1761CDCE4B00024EA72 /* StreamCollectionViewController.swift */,
			);
			name = ViewControllers;
			sourceTree = "<group>";
		};
		8184434D1D2C2A0200221350 /* Views */ = {
			isa = PBXGroup;
			children = (
				C8E1DD491CD835CE00C4910C /* EventTableViewCell.swift */,
				C873F17C1CDCE9B60024EA72 /* StreamCollectionViewCell.swift */,
			);
			name = Views;
			sourceTree = "<group>";
		};
		8184434E1D2C2A1D00221350 /* Models */ = {
			isa = PBXGroup;
			children = (
				C8E1DD431CD831BB00C4910C /* Event.swift */,
			);
			name = Models;
			sourceTree = "<group>";
		};
		8184434F1D2C2A3D00221350 /* Helpers */ = {
			isa = PBXGroup;
			children = (
				C873F1791CDCE6870024EA72 /* DataService.swift */,
			);
			name = Helpers;
			sourceTree = "<group>";
		};
		81DEFB6F1381AEF9F8781F79 /* Frameworks */ = {
			isa = PBXGroup;
			children = (
				6ACE68D79E79ADF8F3EB7D6D /* Pods_Wilson.framework */,
			);
			name = Frameworks;
			sourceTree = "<group>";
		};
		C84290931CD3984700A87EF5 = {
			isa = PBXGroup;
			children = (
				C8A865811CD7FDF700CFCEC1 /* fonts */,
				C842909E1CD3984800A87EF5 /* Wilson */,
				C842909D1CD3984700A87EF5 /* Products */,
				18A78250D5A745667B216378 /* Pods */,
				81DEFB6F1381AEF9F8781F79 /* Frameworks */,
			);
			sourceTree = "<group>";
		};
		C842909D1CD3984700A87EF5 /* Products */ = {
			isa = PBXGroup;
			children = (
				C842909C1CD3984700A87EF5 /* Wilson.app */,
			);
			name = Products;
			sourceTree = "<group>";
		};
		C842909E1CD3984800A87EF5 /* Wilson */ = {
			isa = PBXGroup;
			children = (
				C84290A31CD3984800A87EF5 /* Main.storyboard */,
				8184434B1D2C29B000221350 /* HelperFiles */,
				8184434F1D2C2A3D00221350 /* Helpers */,
				8184434C1D2C29CB00221350 /* ViewControllers */,
				8184434E1D2C2A1D00221350 /* Models */,
				8184434D1D2C2A0200221350 /* Views */,
				C84290A81CD3984800A87EF5 /* LaunchScreen.storyboard */,
				C8A865761CD7FDCC00CFCEC1 /* Assets.xcassets */,
			);
			path = Wilson;
			sourceTree = "<group>";
		};
		C8A865811CD7FDF700CFCEC1 /* fonts */ = {
			isa = PBXGroup;
			children = (
				C8A865781CD7FDE800CFCEC1 /* SF-UI-Display-Black.ttf */,
				C8A865791CD7FDE800CFCEC1 /* SF-UI-Display-Bold.ttf */,
				C8A8657A1CD7FDE800CFCEC1 /* SF-UI-Display-Heavy.ttf */,
				C8A8657B1CD7FDE800CFCEC1 /* SF-UI-Display-Light.ttf */,
				C8A8657C1CD7FDE800CFCEC1 /* SF-UI-Display-Medium.ttf */,
				C8A8657D1CD7FDE800CFCEC1 /* SF-UI-Display-Regular.ttf */,
				C8A8657E1CD7FDE800CFCEC1 /* SF-UI-Display-Semibold.ttf */,
				C8A8657F1CD7FDE800CFCEC1 /* SF-UI-Display-Thin.ttf */,
				C8A865801CD7FDE800CFCEC1 /* SF-UI-Display-Ultralight.ttf */,
			);
			name = fonts;
			sourceTree = "<group>";
		};
/* End PBXGroup section */

/* Begin PBXNativeTarget section */
		C842909B1CD3984700A87EF5 /* Wilson */ = {
			isa = PBXNativeTarget;
			buildConfigurationList = C84290AE1CD3984800A87EF5 /* Build configuration list for PBXNativeTarget "Wilson" */;
			buildPhases = (
				8A127EDA2B7F3BC0AFC69BD8 /* Check Pods Manifest.lock */,
				C84290981CD3984700A87EF5 /* Sources */,
				C84290991CD3984700A87EF5 /* Frameworks */,
				C842909A1CD3984700A87EF5 /* Resources */,
				AF52004E0B91A371D2FD03F6 /* Embed Pods Frameworks */,
				2DF4B1DA56A2F7630FCD269E /* Copy Pods Resources */,
			);
			buildRules = (
			);
			dependencies = (
			);
			name = Wilson;
			productName = Wilson;
			productReference = C842909C1CD3984700A87EF5 /* Wilson.app */;
			productType = "com.apple.product-type.application";
		};
/* End PBXNativeTarget section */

/* Begin PBXProject section */
		C84290941CD3984700A87EF5 /* Project object */ = {
			isa = PBXProject;
			attributes = {
				LastSwiftUpdateCheck = 0730;
				LastUpgradeCheck = 0730;
				ORGANIZATIONNAME = "Wilson Muñoz";
				TargetAttributes = {
					C842909B1CD3984700A87EF5 = {
						CreatedOnToolsVersion = 7.3;
						DevelopmentTeam = CX3J8KNDJA;
					};
				};
			};
			buildConfigurationList = C84290971CD3984700A87EF5 /* Build configuration list for PBXProject "Wilson" */;
			compatibilityVersion = "Xcode 3.2";
			developmentRegion = English;
			hasScannedForEncodings = 0;
			knownRegions = (
				en,
				Base,
			);
			mainGroup = C84290931CD3984700A87EF5;
			productRefGroup = C842909D1CD3984700A87EF5 /* Products */;
			projectDirPath = "";
			projectRoot = "";
			targets = (
				C842909B1CD3984700A87EF5 /* Wilson */,
			);
		};
/* End PBXProject section */

/* Begin PBXResourcesBuildPhase section */
		C842909A1CD3984700A87EF5 /* Resources */ = {
			isa = PBXResourcesBuildPhase;
			buildActionMask = 2147483647;
			files = (
				C8A865821CD7FE1400CFCEC1 /* SF-UI-Display-Black.ttf in Resources */,
				C8A865831CD7FE1400CFCEC1 /* SF-UI-Display-Bold.ttf in Resources */,
				C8A865841CD7FE1400CFCEC1 /* SF-UI-Display-Heavy.ttf in Resources */,
				C8A865851CD7FE1400CFCEC1 /* SF-UI-Display-Light.ttf in Resources */,
				C8A865861CD7FE1400CFCEC1 /* SF-UI-Display-Medium.ttf in Resources */,
				C8A865871CD7FE1400CFCEC1 /* SF-UI-Display-Regular.ttf in Resources */,
				C8A865881CD7FE1400CFCEC1 /* SF-UI-Display-Semibold.ttf in Resources */,
				C8A865891CD7FE1400CFCEC1 /* SF-UI-Display-Thin.ttf in Resources */,
				C8A8658A1CD7FE1400CFCEC1 /* SF-UI-Display-Ultralight.ttf in Resources */,
				C84290AA1CD3984800A87EF5 /* LaunchScreen.storyboard in Resources */,
				C8A865771CD7FDCC00CFCEC1 /* Assets.xcassets in Resources */,
				C84290A51CD3984800A87EF5 /* Main.storyboard in Resources */,
			);
			runOnlyForDeploymentPostprocessing = 0;
		};
/* End PBXResourcesBuildPhase section */

/* Begin PBXShellScriptBuildPhase section */
		2DF4B1DA56A2F7630FCD269E /* Copy Pods Resources */ = {
			isa = PBXShellScriptBuildPhase;
			buildActionMask = 2147483647;
			files = (
			);
			inputPaths = (
			);
			name = "Copy Pods Resources";
			outputPaths = (
			);
			runOnlyForDeploymentPostprocessing = 0;
			shellPath = /bin/sh;
			shellScript = "\"${SRCROOT}/Pods/Target Support Files/Pods-Wilson/Pods-Wilson-resources.sh\"\n";
			showEnvVarsInLog = 0;
		};
		8A127EDA2B7F3BC0AFC69BD8 /* Check Pods Manifest.lock */ = {
			isa = PBXShellScriptBuildPhase;
			buildActionMask = 2147483647;
			files = (
			);
			inputPaths = (
			);
			name = "Check Pods Manifest.lock";
			outputPaths = (
			);
			runOnlyForDeploymentPostprocessing = 0;
			shellPath = /bin/sh;
			shellScript = "diff \"${PODS_ROOT}/../Podfile.lock\" \"${PODS_ROOT}/Manifest.lock\" > /dev/null\nif [[ $? != 0 ]] ; then\n    cat << EOM\nerror: The sandbox is not in sync with the Podfile.lock. Run 'pod install' or update your CocoaPods installation.\nEOM\n    exit 1\nfi\n";
			showEnvVarsInLog = 0;
		};
		AF52004E0B91A371D2FD03F6 /* Embed Pods Frameworks */ = {
			isa = PBXShellScriptBuildPhase;
			buildActionMask = 2147483647;
			files = (
			);
			inputPaths = (
			);
			name = "Embed Pods Frameworks";
			outputPaths = (
			);
			runOnlyForDeploymentPostprocessing = 0;
			shellPath = /bin/sh;
			shellScript = "\"${SRCROOT}/Pods/Target Support Files/Pods-Wilson/Pods-Wilson-frameworks.sh\"\n";
			showEnvVarsInLog = 0;
		};
/* End PBXShellScriptBuildPhase section */

/* Begin PBXSourcesBuildPhase section */
		C84290981CD3984700A87EF5 /* Sources */ = {
			isa = PBXSourcesBuildPhase;
			buildActionMask = 2147483647;
			files = (
				C8E1DD4A1CD835CE00C4910C /* EventTableViewCell.swift in Sources */,
				C8C5CE901CDC13D4003A6755 /* DetalleTableViewController.swift in Sources */,
				C8E1DD441CD831BB00C4910C /* Event.swift in Sources */,
				C873F17B1CDCE6870024EA72 /* DataService.swift in Sources */,
				C8A8658C1CD8080300CFCEC1 /* SignUpViewController.swift in Sources */,
				C8C5CE941CDC3242003A6755 /* TakePhotoViewController.swift in Sources */,
				C873F17D1CDCE9B60024EA72 /* StreamCollectionViewCell.swift in Sources */,
				C8A865751CD7FB2600CFCEC1 /* LoginViewController.swift in Sources */,
				C873F1771CDCE4B00024EA72 /* StreamCollectionViewController.swift in Sources */,
				C8C5CE921CDC3235003A6755 /* ButtonsPhotosViewController.swift in Sources */,
				C8E1DD481CD8328000C4910C /* EventsTableViewController.swift in Sources */,
				C873F17A1CDCE6870024EA72 /* Constants.swift in Sources */,
				C84290A01CD3984800A87EF5 /* AppDelegate.swift in Sources */,
			);
			runOnlyForDeploymentPostprocessing = 0;
		};
/* End PBXSourcesBuildPhase section */

/* Begin PBXVariantGroup section */
		C84290A31CD3984800A87EF5 /* Main.storyboard */ = {
			isa = PBXVariantGroup;
			children = (
				C84290A41CD3984800A87EF5 /* Base */,
			);
			name = Main.storyboard;
			sourceTree = "<group>";
		};
		C84290A81CD3984800A87EF5 /* LaunchScreen.storyboard */ = {
			isa = PBXVariantGroup;
			children = (
				C84290A91CD3984800A87EF5 /* Base */,
			);
			name = LaunchScreen.storyboard;
			sourceTree = "<group>";
		};
/* End PBXVariantGroup section */

/* Begin XCBuildConfiguration section */
		C84290AC1CD3984800A87EF5 /* Debug */ = {
			isa = XCBuildConfiguration;
			buildSettings = {
				ALWAYS_SEARCH_USER_PATHS = NO;
				CLANG_ANALYZER_NONNULL = YES;
				CLANG_CXX_LANGUAGE_STANDARD = "gnu++0x";
				CLANG_CXX_LIBRARY = "libc++";
				CLANG_ENABLE_MODULES = YES;
				CLANG_ENABLE_OBJC_ARC = YES;
				CLANG_WARN_BOOL_CONVERSION = YES;
				CLANG_WARN_CONSTANT_CONVERSION = YES;
				CLANG_WARN_DIRECT_OBJC_ISA_USAGE = YES_ERROR;
				CLANG_WARN_EMPTY_BODY = YES;
				CLANG_WARN_ENUM_CONVERSION = YES;
				CLANG_WARN_INT_CONVERSION = YES;
				CLANG_WARN_OBJC_ROOT_CLASS = YES_ERROR;
				CLANG_WARN_UNREACHABLE_CODE = YES;
				CLANG_WARN__DUPLICATE_METHOD_MATCH = YES;
				"CODE_SIGN_IDENTITY[sdk=iphoneos*]" = "iPhone Developer";
				COPY_PHASE_STRIP = NO;
				DEBUG_INFORMATION_FORMAT = dwarf;
				ENABLE_STRICT_OBJC_MSGSEND = YES;
				ENABLE_TESTABILITY = YES;
				GCC_C_LANGUAGE_STANDARD = gnu99;
				GCC_DYNAMIC_NO_PIC = NO;
				GCC_NO_COMMON_BLOCKS = YES;
				GCC_OPTIMIZATION_LEVEL = 0;
				GCC_PREPROCESSOR_DEFINITIONS = (
					"DEBUG=1",
					"$(inherited)",
				);
				GCC_WARN_64_TO_32_BIT_CONVERSION = YES;
				GCC_WARN_ABOUT_RETURN_TYPE = YES_ERROR;
				GCC_WARN_UNDECLARED_SELECTOR = YES;
				GCC_WARN_UNINITIALIZED_AUTOS = YES_AGGRESSIVE;
				GCC_WARN_UNUSED_FUNCTION = YES;
				GCC_WARN_UNUSED_VARIABLE = YES;
				IPHONEOS_DEPLOYMENT_TARGET = 9.3;
				MTL_ENABLE_DEBUG_INFO = YES;
				ONLY_ACTIVE_ARCH = YES;
				SDKROOT = iphoneos;
				SWIFT_OPTIMIZATION_LEVEL = "-Onone";
			};
			name = Debug;
		};
		C84290AD1CD3984800A87EF5 /* Release */ = {
			isa = XCBuildConfiguration;
			buildSettings = {
				ALWAYS_SEARCH_USER_PATHS = NO;
				CLANG_ANALYZER_NONNULL = YES;
				CLANG_CXX_LANGUAGE_STANDARD = "gnu++0x";
				CLANG_CXX_LIBRARY = "libc++";
				CLANG_ENABLE_MODULES = YES;
				CLANG_ENABLE_OBJC_ARC = YES;
				CLANG_WARN_BOOL_CONVERSION = YES;
				CLANG_WARN_CONSTANT_CONVERSION = YES;
				CLANG_WARN_DIRECT_OBJC_ISA_USAGE = YES_ERROR;
				CLANG_WARN_EMPTY_BODY = YES;
				CLANG_WARN_ENUM_CONVERSION = YES;
				CLANG_WARN_INT_CONVERSION = YES;
				CLANG_WARN_OBJC_ROOT_CLASS = YES_ERROR;
				CLANG_WARN_UNREACHABLE_CODE = YES;
				CLANG_WARN__DUPLICATE_METHOD_MATCH = YES;
				"CODE_SIGN_IDENTITY[sdk=iphoneos*]" = "iPhone Developer";
				COPY_PHASE_STRIP = NO;
				DEBUG_INFORMATION_FORMAT = "dwarf-with-dsym";
				ENABLE_NS_ASSERTIONS = NO;
				ENABLE_STRICT_OBJC_MSGSEND = YES;
				GCC_C_LANGUAGE_STANDARD = gnu99;
				GCC_NO_COMMON_BLOCKS = YES;
				GCC_WARN_64_TO_32_BIT_CONVERSION = YES;
				GCC_WARN_ABOUT_RETURN_TYPE = YES_ERROR;
				GCC_WARN_UNDECLARED_SELECTOR = YES;
				GCC_WARN_UNINITIALIZED_AUTOS = YES_AGGRESSIVE;
				GCC_WARN_UNUSED_FUNCTION = YES;
				GCC_WARN_UNUSED_VARIABLE = YES;
				IPHONEOS_DEPLOYMENT_TARGET = 9.3;
				MTL_ENABLE_DEBUG_INFO = NO;
				SDKROOT = iphoneos;
				VALIDATE_PRODUCT = YES;
			};
			name = Release;
		};
		C84290AF1CD3984800A87EF5 /* Debug */ = {
			isa = XCBuildConfiguration;
			baseConfigurationReference = 4403AC1EC76928013F8F5965 /* Pods-Wilson.debug.xcconfig */;
			buildSettings = {
				ASSETCATALOG_COMPILER_APPICON_NAME = AppIcon;
				CLANG_ENABLE_MODULES = YES;
				CODE_SIGN_IDENTITY = "iPhone Developer";
				"CODE_SIGN_IDENTITY[sdk=iphoneos*]" = "iPhone Developer";
				INFOPLIST_FILE = Wilson/Info.plist;
				LD_RUNPATH_SEARCH_PATHS = "$(inherited) @executable_path/Frameworks";
				OTHER_LDFLAGS = "$(inherited)";
				PODS_ROOT = "${SRCROOT}/Pods/";
				PRODUCT_BUNDLE_IDENTIFIER = net.wilsonmunoz.Wilson;
				PRODUCT_NAME = "$(TARGET_NAME)";
				PROVISIONING_PROFILE = "";
				SWIFT_OBJC_BRIDGING_HEADER = "";
				SWIFT_OPTIMIZATION_LEVEL = "-Onone";
				USER_HEADER_SEARCH_PATHS = "";
			};
			name = Debug;
		};
		C84290B01CD3984800A87EF5 /* Release */ = {
			isa = XCBuildConfiguration;
			baseConfigurationReference = 6B4F731E9DBB68A45A939C06 /* Pods-Wilson.release.xcconfig */;
			buildSettings = {
				ASSETCATALOG_COMPILER_APPICON_NAME = AppIcon;
				CLANG_ENABLE_MODULES = YES;
				CODE_SIGN_IDENTITY = "iPhone Developer";
				"CODE_SIGN_IDENTITY[sdk=iphoneos*]" = "iPhone Developer";
				INFOPLIST_FILE = Wilson/Info.plist;
				LD_RUNPATH_SEARCH_PATHS = "$(inherited) @executable_path/Frameworks";
				OTHER_LDFLAGS = "$(inherited)";
				PODS_ROOT = "${SRCROOT}/Pods/";
				PRODUCT_BUNDLE_IDENTIFIER = net.wilsonmunoz.Wilson;
				PRODUCT_NAME = "$(TARGET_NAME)";
				PROVISIONING_PROFILE = "";
				SWIFT_OBJC_BRIDGING_HEADER = "";
				USER_HEADER_SEARCH_PATHS = "";
			};
			name = Release;
		};
/* End XCBuildConfiguration section */

/* Begin XCConfigurationList section */
		C84290971CD3984700A87EF5 /* Build configuration list for PBXProject "Wilson" */ = {
			isa = XCConfigurationList;
			buildConfigurations = (
				C84290AC1CD3984800A87EF5 /* Debug */,
				C84290AD1CD3984800A87EF5 /* Release */,
			);
			defaultConfigurationIsVisible = 0;
			defaultConfigurationName = Release;
		};
		C84290AE1CD3984800A87EF5 /* Build configuration list for PBXNativeTarget "Wilson" */ = {
			isa = XCConfigurationList;
			buildConfigurations = (
				C84290AF1CD3984800A87EF5 /* Debug */,
				C84290B01CD3984800A87EF5 /* Release */,
			);
			defaultConfigurationIsVisible = 0;
			defaultConfigurationName = Release;
		};
/* End XCConfigurationList section */
	};
	rootObject = C84290941CD3984700A87EF5 /* Project object */;
}
